{
  "name": "signaling",
  "version": "1.0.0",
  "lockfileVersion": 1,
  "requires": true,
  "dependencies": {
    "bindings": {
      "version": "1.2.1",
      "resolved": "https://registry.npmjs.org/bindings/-/bindings-1.2.1.tgz",
      "integrity": "sha1-FK1hE4EtLTfXLme0ystLtyZQXxE=",
      "optional": true
    },
    "bufferutil": {
      "version": "1.3.0",
      "resolved": "https://registry.npmjs.org/bufferutil/-/bufferutil-1.3.0.tgz",
      "integrity": "sha1-af3xOtnZEiK67hCZRfqtxDFTT4Y=",
      "optional": true,
      "requires": {
        "bindings": "~1.2.1",
        "nan": "~2.4.0"
      }
    },
    "cog": {
      "version": "1.1.0",
      "resolved": "https://registry.npmjs.org/cog/-/cog-1.1.0.tgz",
      "integrity": "sha1-v/MfgTt96u1a2Gi/42Ty/5r+ELM="
    },
    "collections": {
      "version": "1.2.4",
      "resolved": "https://registry.npmjs.org/collections/-/collections-1.2.4.tgz",
      "integrity": "sha1-Pi8WRe1D188f4khAYAH6q0Ln5GM=",
      "requires": {
        "weak-map": "~1.0.x"
      }
    },
    "debug": {
      "version": "2.6.9",
      "resolved": "https://registry.npmjs.org/debug/-/debug-2.6.9.tgz",
      "integrity": "sha512-bC7ElrdJaJnPbAP+1EotYvqZsb3ecl5wi6Bfi6BJTUcNowp6cvspg0jXznRTKDjm/E7AdgFBVeAPVMNcKGsHMA==",
      "requires": {
        "ms": "2.0.0"
      }
    },
    "http": {
      "version": "0.0.0",
      "resolved": "https://registry.npmjs.org/http/-/http-0.0.0.tgz",
      "integrity": "sha1-huYybSnF0Dnen6xYSkVon5KfT3I="
    },
    "ms": {
      "version": "2.0.0",
      "resolved": "https://registry.npmjs.org/ms/-/ms-2.0.0.tgz",
      "integrity": "sha1-VgiurfwAvmwpAd9fmGF4jeDVl8g="
    },
    "nan": {
      "version": "2.4.0",
      "resolved": "http://registry.npmjs.org/nan/-/nan-2.4.0.tgz",
      "integrity": "sha1-+zxZ1F/k7/4hXwuJD4rfbrMtIjI=",
      "optional": true
    },
    "options": {
      "version": "0.0.6",
      "resolved": "https://registry.npmjs.org/options/-/options-0.0.6.tgz",
      "integrity": "sha1-7CLTEoBrtT5zF3Pnza788cZDEo8="
    },
    "replify": {
      "version": "1.2.0",
      "resolved": "https://registry.npmjs.org/replify/-/replify-1.2.0.tgz",
      "integrity": "sha1-lAFm0gfRDphhT+SSU60vCsAZ9+E="
    },
    "rtc-switch": {
      "version": "1.3.0",
      "resolved": "https://registry.npmjs.org/rtc-switch/-/rtc-switch-1.3.0.tgz",
      "integrity": "sha1-2Pnj6Ik5f4EaCLUTUmTAcZycD9w=",
      "requires": {
        "cog": "^1.0.0",
        "collections": "^1.2.2",
        "whisk": "^1.3.0"
      }
    },
    "rtc-switchboard": {
      "version": "3.2.0",
      "resolved": "https://registry.npmjs.org/rtc-switchboard/-/rtc-switchboard-3.2.0.tgz",
      "integrity": "sha1-EthqoX+tXFBfJnWTJipEhiiWSnI=",
      "requires": {
        "bufferutil": "^1.2.1",
        "cog": "^1.0.0",
        "debug": "^2.0.0",
        "rtc-switch": "^1.3.0",
        "utf-8-validate": "^1.2.1",
        "ws": "^1.0.0"
      }
    },
    "ultron": {
      "version": "1.0.2",
      "resolved": "https://registry.npmjs.org/ultron/-/ultron-1.0.2.tgz",
      "integrity": "sha1-rOEWq1V80Zc4ak6I9GhTeMiy5Po="
    },
    "utf-8-validate": {
      "version": "1.2.2",
      "resolved": "https://registry.npmjs.org/utf-8-validate/-/utf-8-validate-1.2.2.tgz",
      "integrity": "sha1-i7hxpHQeCFxwSHynrNvX1tNgKes=",
      "optional": true,
      "requires": {
        "bindings": "~1.2.1",
        "nan": "~2.4.0"
      }
    },
    "weak-map": {
      "version": "1.0.5",
      "resolved": "https://registry.npmjs.org/weak-map/-/weak-map-1.0.5.tgz",
      "integrity": "sha1-eWkVhNmGB/UHC9O3CkDmuyLkAes="
    },
    "whisk": {
      "version": "1.4.0",
      "resolved": "https://registry.npmjs.org/whisk/-/whisk-1.4.0.tgz",
      "integrity": "sha512-uh4+hibHa+HxUTUwpP9iiAgyniVB4UBbI6QK2feiv1U9t6PSS32hl/xeAmf0RZhHKXVn3nnNQiju1RzBYVclCg=="
    },
    "ws": {
      "version": "1.1.5",
      "resolved": "https://registry.npmjs.org/ws/-/ws-1.1.5.tgz",
      "integrity": "sha512-o3KqipXNUdS7wpQzBHSe180lBGO60SoK0yVo3CYJgb2MkobuWuBX6dhkYP5ORCLd55y+SaflMOV5fqAB53ux4w==",
      "requires": {
        "options": ">=0.0.5",
        "ultron": "1.0.x"
      }
    }
  }
}
